{
  "name": "now-api",
  "version": "1.0.0",
  "lockfileVersion": 1,
  "requires": true,
  "dependencies": {
    "@now/node": {
      "version": "0.12.5",
      "resolved": "https://registry.npmjs.org/@now/node/-/node-0.12.5.tgz",
      "integrity": "sha512-1yO9ArHIAuyzb6XVit4k6Zj5UpjI2O//GCJT5tzwNcdVG7BjNcZPyhWbZWSCek94rvZ4MAlC3uTK/7TmbUWa+g==",
      "requires": {
        "@types/node": "*"
      }
    },
    "@types/node": {
      "version": "12.7.1",
      "resolved": "https://registry.npmjs.org/@types/node/-/node-12.7.1.tgz",
      "integrity": "sha512-aK9jxMypeSrhiYofWWBf/T7O+KwaiAHzM4sveCdWPn71lzUSMimRnKzhXDKfKwV1kWoBo2P1aGgaIYGLf9/ljw=="
    }
  }
}
